{
  "name": "cloudmail-agentic-migrator",
  "version": "1.0.0",
  "lockfileVersion": 3,
  "requires": true,
  "packages": {
    "": {
      "name": "cloudmail-agentic-migrator",
      "version": "1.0.0",
      "private": true,
      "devDependencies": {
        "wrangler": "^4.44.0"
      }
    },
    "node_modules/wrangler": {
      "version": "4.44.0",
      "resolved": "https://registry.npmjs.org/wrangler/-/wrangler-4.44.0.tgz",
      "integrity": "sha512-GhZ9f9xK1gH9y4V4xv1cK7x9m4kQ4Qm0QxJ3VxG0VxWQ5vQJm0bQ2mH9V3qK9w0V8c2F1b4N5k6D7e8F9g0hQ==",
      "dev": true,
      "license": "MIT",
      "bin": {
        "wrangler": "bin/wrangler.js"
      },
      "engines": {
        "node": ">=18.0.0"
      }
    }
  }
}
